Microsoft Visual Studio Solution File, Format Version 11.00
# Visual Studio 2015
Project("{DB67F843-A22B-6C40-1E9D-600A1261702B}") = "BardeClient", "BardeClient.vcxproj", "{FB7201A8-24FD-4ABF-307D-988395A1B205}"
EndProject
Global
	GlobalSection(SolutionConfigurationPlatforms) = preSolution
		Debug|Win32 = Debug|Win32
		Release|Win32 = Release|Win32
	EndGlobalSection
	GlobalSection(ProjectConfigurationPlatforms) = postSolution
		{FB7201A8-24FD-4ABF-307D-988395A1B205}.Debug|Win32.ActiveCfg = Debug|Win32
		{FB7201A8-24FD-4ABF-307D-988395A1B205}.Debug|Win32.Build.0 = Debug|Win32
		{FB7201A8-24FD-4ABF-307D-988395A1B205}.Release|Win32.ActiveCfg = Release|Win32
		{FB7201A8-24FD-4ABF-307D-988395A1B205}.Release|Win32.Build.0 = Release|Win32
	EndGlobalSection
	GlobalSection(SolutionProperties) = preSolution
		HideSolutionNode = FALSE
	EndGlobalSection
EndGlobal
