// !$*UTF8*$!
{
	archiveVersion = 1;
	classes = {
	};
	objectVersion = 46;
	objects = {

		BEEF05CBEEB988D291B0E493 = {isa = PBXBuildFile; fileRef = 84601D50D9D57E3396CF903A; };
		92AD3120361490BAEE764CF4 = {isa = PBXBuildFile; fileRef = 798975642111ED9041E3B417; };
		17F3024A447573271BA60ADE = {isa = PBXBuildFile; fileRef = 0E7F55CB56623ED24FEF7F9A; };
		F8100DAEEE55422152B4FC55 = {isa = PBXBuildFile; fileRef = 11FFAD712831B6FBC03A7F83; };
		8EEEAEB347115B7D19C90311 = {isa = PBXBuildFile; fileRef = E824053A30430362E1DD1FC9; };
		218C7AF7416B10F5C19A894C = {isa = PBXBuildFile; fileRef = 9AA42095A0C0B5A871496F21; };
		8207780AA5CC460922DF60D3 = {isa = PBXBuildFile; fileRef = DF23927347DC25EF65823A74; };
		544DF20419962436419A03A3 = {isa = PBXBuildFile; fileRef = 50FCAA69C1252E2D1B7F1A5B; };
		DF01FFC172A720AAC4254458 = {isa = PBXBuildFile; fileRef = 805239F1559CB3B537A656B4; };
		DD47E4441334214D34178274 = {isa = PBXBuildFile; fileRef = F669469044C087D77A83607D; };
		FCD7ECEB83890FABA45D9E6A = {isa = PBXBuildFile; fileRef = 7511F0CB6B6334C12BCEE1D6; };
		08E75C106AA40FBA0D380A4D = {isa = PBXBuildFile; fileRef = 93F0D60A5B9F2ADED0756129; };
		429FD31836749D20D55B5AD7 = {isa = PBXBuildFile; fileRef = 8BFF7E7C3570E8CA74ECCE39; };
		6067A703A5CC349ABCB2A419 = {isa = PBXBuildFile; fileRef = 7F4F4EB53C4D39BAC839EB31; };
		6BFEB93A4A3B30488608F393 = {isa = PBXBuildFile; fileRef = D27DCF836EB785D22056CEAD; };
		A4978AB01B33F24C2B96354E = {isa = PBXBuildFile; fileRef = B489B5ACED65548A8C35E04C; };
		FBFAFAE18B2BDFE95C046309 = {isa = PBXBuildFile; fileRef = 186AA992DAECDB6436F29669; };
		F783ABED6FF046C4353B0809 = {isa = PBXBuildFile; fileRef = 07E4482AE9799B44AA8D2117; };
		F68D59947E360C09821BD61C = {isa = PBXBuildFile; fileRef = 49E40B3C2AF24E2F27AB27B1; };
		44D4C913836C54AB921DA8E7 = {isa = PBXBuildFile; fileRef = 5F9B425F0662334CBD09DD15; };
		726BE3F33B15B79B419AE0D7 = {isa = PBXBuildFile; fileRef = ADC3D2483FC919FDF759ECAB; };
		9A80318A15B5F3EB3415F41E = {isa = PBXBuildFile; fileRef = 2B0963E0143E54683D7DC232; };
		8F71C0D3337E1ED83A33D58C = {isa = PBXBuildFile; fileRef = 61FA24C7BFEFA1E2AC3DA08C; };
		850AA7C402A1E65D58D6A5AA = {isa = PBXBuildFile; fileRef = 96700574ECB4B65AA537237E; };
		D4BAD149854486D8642094E1 = {isa = PBXBuildFile; fileRef = 5A1D53FED427F7AB51C319AF; };
		4813F85DD3E71424CE8AEFF1 = {isa = PBXBuildFile; fileRef = C66885EE35A405DF19A1B307; };
		21D6D9341F36FE9BFB7EFDB5 = {isa = PBXBuildFile; fileRef = B7CFFCFF307F664D12EBE314; };
		F6A2DD8D88F64F8C645B5304 = {isa = PBXBuildFile; fileRef = 56A2745C11346001EE3F8737; };
		3F0B023210B94DFB43AF68EA = {isa = PBXBuildFile; fileRef = DD26456C5DA18A532905FD9F; };
		712AB4540E20C0B7E33E1C69 = {isa = PBXBuildFile; fileRef = A28A986B2D18B564A25F1F53; };
		E7DFCE0F4796C627629E3B7D = {isa = PBXBuildFile; fileRef = 19E61BA5AE7962DF5C583C45; };
		2002552B8831EF508E3F061F = {isa = PBXBuildFile; fileRef = D2B551D4E4FECAB499F7D2C0; };
		04EDB2D16582F694897CCF52 = {isa = PBXBuildFile; fileRef = F4D51EA3B2FE94D24BEA8EF5; };
		0123DC8AA85F06881431E35A = {isa = PBXBuildFile; fileRef = D6A6B9D0A2199EBA92C4B153; };
		32CB24D499AEED7E66F148B0 = {isa = PBXBuildFile; fileRef = 617F75B952C89C814045CF59; };
		B8484AE6F4A70374198F7C6E = {isa = PBXBuildFile; fileRef = 49FE52E9A4E4C3036BC63D78; };
		3389C84C9E8A8FF500F4796F = {isa = PBXBuildFile; fileRef = 12DCA21D8D15022BD498E593; };
		D63284AD7EFA400EE3E3EF9E = {isa = PBXBuildFile; fileRef = E3E0C5D95B6CB8B8B2ADAEDE; };
		FE2C9B3E7C4BD4F51A81C805 = {isa = PBXBuildFile; fileRef = 306FB715FE0F35A4F19E6BA4; };
		2524155C11C217F3A99AC9B5 = {isa = PBXBuildFile; fileRef = 25DE2BAEA453E122992B4EEA; };
		7EE9AC8C2DB823EB70BF8E26 = {isa = PBXBuildFile; fileRef = E5261F9303E6001F57DDBCB2; };
		942FAEBB6F9FDB1857ED8C76 = {isa = PBXBuildFile; fileRef = 38D26578163027F96ED634EB; };
		156C9DC87430D637BE140D6B = {isa = PBXBuildFile; fileRef = 112519F920DEEB5128F56855; };
		3DB5D6E6507F45F0D7BBCA45 = {isa = PBXBuildFile; fileRef = E89457A6F805476F9FB02B60; };
		36D5063B463D65B17EEB21DE = {isa = PBXBuildFile; fileRef = 5A1904E605A7FF8522F20F7B; };
		03336A13BAF7051C60FEB4BF = {isa = PBXBuildFile; fileRef = 5394AFFA7E5D64A2CDB718D1; };
		BE8F32C7C8C073477D4B9DCC = {isa = PBXBuildFile; fileRef = 0BD530075DFD2EEB60088319; };
		CFEF9065BAC16A4D520F8E6F = {isa = PBXBuildFile; fileRef = 443A78C6C4EBD465284CDEA6; };
		DDB133C2F216552657A57859 = {isa = PBXBuildFile; fileRef = 8BC6453EF1DA1B36F2440108; };
		1257BDAA2440FE1D80C6DD26 = {isa = PBXBuildFile; fileRef = BF23A1A6E17A297E81CBC28E; };
		5923ED76C36176AE0FB11A43 = {isa = PBXBuildFile; fileRef = A16BF089B878DCD3D2B080D1; };
		CC28BC066567CAABFCDD7012 = {isa = PBXBuildFile; fileRef = BAC2839A58B20CC041354114; };
		B197FCEF50185F2F6B16FE7C = {isa = PBXBuildFile; fileRef = 12A17B1F4DDCC99AC595108F; };
		BC6043B34C0FD6528C87B0FE = {isa = PBXBuildFile; fileRef = A4510CCDD1017609690D5E43; };
		2866F337D873F5F9C15C54C9 = {isa = PBXBuildFile; fileRef = 803102C29C917F635EEE2ADD; };
		478DEA34B0C331EA4F8A445C = {isa = PBXBuildFile; fileRef = B9AC81F8D74F1DC31C34E5CF; };
		DF7C2FB9E0D6F15BA3B96917 = {isa = PBXBuildFile; fileRef = DA6B1E6E01654DC6D016ED7E; };
		71604C2A2A50A305826EAE53 = {isa = PBXBuildFile; fileRef = 902CE0405C3723F16FA0D660; };
		A9E0E74023F69AD34E7BC6F1 = {isa = PBXBuildFile; fileRef = 6F00FBD6E5675ED27DB33D5F; };
		79A9A4B360FF1E865A8F03DF = {isa = PBXBuildFile; fileRef = F9CE27C225105BB5CD24CBB4; };
		2AFD4AB90D751B424D3A070C = {isa = PBXBuildFile; fileRef = 0F2CB3C8CBD8203A2F7A9555; };
		C1F7BF667EA7F29F633FAFD5 = {isa = PBXBuildFile; fileRef = 7788B5592E66EBFA439E84D0; };
		7A0F52075239D060739E83CE = {isa = PBXBuildFile; fileRef = 90568CB8ED05EA68CCC843C9; };
		E9758DD1F7A45EB5F42CC758 = {isa = PBXBuildFile; fileRef = DC94FF68FE89397FA007E25A; };
		0F794E2C35FF07EE614EBC92 = {isa = PBXBuildFile; fileRef = 4A34675E59A7C113FDEBFE5D; };
		6C48AAC07775E9D5CE906417 = {isa = PBXBuildFile; fileRef = 136778F2191E607B5C2DEA64; };
		DFFFE1738BA8C7090614F0A2 = {isa = PBXBuildFile; fileRef = 570CAB753D62CD8C49BA43B6; };
		91CF2A4EC856BDEFE418CD82 = {isa = PBXBuildFile; fileRef = AD8523ED84355D2D46B3D71F; };
		4EFB4E3371482DA80DBCCFA3 = {isa = PBXBuildFile; fileRef = 01FBD1CB6CC3272D33C844A1; };
		37690EE670F38470758DB27A = {isa = PBXBuildFile; fileRef = 0C200F390DE28FAB9A154BBE; };
		65B99EC941193A459D81F661 = {isa = PBXBuildFile; fileRef = 65C41F3FFE95782FAFD2672C; };
		3683EE406AD4F7C87305F316 = {isa = PBXBuildFile; fileRef = D48C144FA64F3C594CFD7E42; };
		7C3057AAE3D02D6C7B0DD1B1 = {isa = PBXBuildFile; fileRef = ABA1E7CDE69008542A1DBADA; };
		71AE952031B27FCB68EAF6B0 = {isa = PBXBuildFile; fileRef = BD2F71DA4F43933066FCD052; };
		0455DDF58D2391A90942F5AA = {isa = PBXBuildFile; fileRef = 0FFBE436BD356CD9D9DC72C5; };
		0CF2400CDF06C73EC40F5A94 = {isa = PBXBuildFile; fileRef = FD9BD38A2B54D0D1A8A8BA43; };
		E99F688D69D5B24BCE6B14FD = {isa = PBXBuildFile; fileRef = 42629489571C5E1E6D0D400E; };
		54995AF8AFEA858E4AE54853 = {isa = PBXBuildFile; fileRef = 6B1F16656CAA74084F8E3893; };
		7A41C0D6596365131F004FB4 = {isa = PBXBuildFile; fileRef = 9B1996BFF142E6D223BB32F9; };
		DA95F236BAD0741FA201A957 = {isa = PBXBuildFile; fileRef = 1A6831012F65AE41273E0900; };
		77C0568D35FE5BAA0FB3B1D0 = {isa = PBXBuildFile; fileRef = 93B5BA2F6619F977392CE0EB; };
		59F0ADD0C826CB7B5C0F4B6B = {isa = PBXBuildFile; fileRef = 76D1E6009D8E9B07A89D4ACD; };
		05F8B774353866BF93F7458B = {isa = PBXBuildFile; fileRef = 4E648992CC5A86BD86828234; };
		B2DB387387F2B53BF2832D86 = {isa = PBXBuildFile; fileRef = FFDB764B39F3E5BA6A4DC034; };
		B86F457CC1D76F0662D2246F = {isa = PBXBuildFile; fileRef = 6A853BB14D9118BE69A41414; };
		894DF16485ED5783CE04EE0D = {isa = PBXBuildFile; fileRef = 3ED6B1A173C6A6AE78B6CC73; };
		945D47B5171051D1B031AB8D = {isa = PBXBuildFile; fileRef = 6ABC9BB8DC942DB3BC0AC6F6; };
		8A984B3B87B471D2911D0AE7 = {isa = PBXBuildFile; fileRef = 6A0CC25D3238A26FB0F3A948; };
		10114665BD7BE90F4677E47E = {isa = PBXBuildFile; fileRef = 358A9BF25A69CEFFA265507D; };
		F97812A7FA8E97FB0218BC23 = {isa = PBXBuildFile; fileRef = DE51185F9B39CBA3092ED5C8; };
		14512ADAD818BD4A17DDBB49 = {isa = PBXBuildFile; fileRef = C0F018E8E683AA367764472C; };
		AC694BB64F8B02AF6763DD2C = {isa = PBXBuildFile; fileRef = FAEBA04AAAEC0F6E812ABEAD; };
		97FE5836F0B3930336FE58FD = {isa = PBXBuildFile; fileRef = B003CC329CA8D261817BA34F; };
		D45C2191250DD802D2C92E7D = {isa = PBXBuildFile; fileRef = E37BD95AE26C8220226A3235; };
		61AD7E06FDBD669CC7DE754C = {isa = PBXBuildFile; fileRef = 2D23EEA79A0706B6508D1258; };
		D31CB140BA7BD6290F40344A = {isa = PBXBuildFile; fileRef = 04818D938585754DF98C3FA5; };
		D8D2D94E80101439FC321699 = {isa = PBXBuildFile; fileRef = 56D7F8AAB182FA355289AF68; };
		3D47B90F18A176BB7181DF3D = {isa = PBXBuildFile; fileRef = 8D0FC2BF43685C277D9AAEB3; };
		C2373F30C8008F34A183DBDF = {isa = PBXBuildFile; fileRef = 9C3FDA54BC9BBC3A6A6DE749; };
		4976996C8DE0882F3ED447C5 = {isa = PBXBuildFile; fileRef = F931F0C882C77C4C24C7B902; };
		2205EC4C3B86194F2C0733CF = {isa = PBXBuildFile; fileRef = 63E7F2E6EB76C2F37B3B6D25; };
		697A32C94943BDAF4E305DD6 = {isa = PBXBuildFile; fileRef = 1EA521E73BF944102BAD2823; };
		84D85F3B0DF6BA55BD99B1FE = {isa = PBXBuildFile; fileRef = 011DD6BA39A37A29A0886993; };
		363B7567E9CC4C0AAB8AC875 = {isa = PBXBuildFile; fileRef = 50A8352D63F6139F5CF2ABA3; };
		011DD6BA39A37A29A0886993 = {isa = PBXFileReference; lastKnownFileType = sourcecode.cpp.cpp; name = "include_juce_osc.cpp"; path = "../JuceLibraryCode/include_juce_osc.cpp"; sourceTree = "SOURCE_ROOT"; };
		01FBD1CB6CC3272D33C844A1 = {isa = PBXFileReference; lastKnownFileType = sourcecode.cpp.cpp; name = RestClientException.cpp; path = ../Source/RestClient/RestClientException.cpp; sourceTree = "SOURCE_ROOT"; };
		04818D938585754DF98C3FA5 = {isa = PBXFileReference; lastKnownFileType = sourcecode.cpp.objcpp; name = "include_juce_core.mm"; path = "../JuceLibraryCode/include_juce_core.mm"; sourceTree = "SOURCE_ROOT"; };
		07E4482AE9799B44AA8D2117 = {isa = PBXFileReference; lastKnownFileType = sourcecode.cpp.cpp; name = ReportPanel.cpp; path = ../Source/GraphManager/ReportPanel.cpp; sourceTree = "SOURCE_ROOT"; };
		07FE74F71BDDDC444D4E5805 = {isa = PBXFileReference; lastKnownFileType = sourcecode.c.h; name = JuceManager.hh; path = ../Source/GraphManager/JuceManager.hh; sourceTree = "SOURCE_ROOT"; };
		0932C16468828EA8ECBF9272 = {isa = PBXFileReference; lastKnownFileType = sourcecode.c.h; name = ReportPanel.hh; path = ../Source/GraphManager/ReportPanel.hh; sourceTree = "SOURCE_ROOT"; };
		0A1014ADB27EC60033FB6E32 = {isa = PBXFileReference; lastKnownFileType = sourcecode.c.h; name = MusicStyle.hh; path = ../Source/MusicStyle.hh; sourceTree = "SOURCE_ROOT"; };
		0BD530075DFD2EEB60088319 = {isa = PBXFileReference; lastKnownFileType = sourcecode.cpp.cpp; name = SQLiteManager.cpp; path = ../Source/DatabaseManager/SQLiteManager.cpp; sourceTree = "SOURCE_ROOT"; };
		0C200F390DE28FAB9A154BBE = {isa = PBXFileReference; lastKnownFileType = sourcecode.cpp.cpp; name = ASoundManager.cpp; path = ../Source/SoundManager/ASoundManager.cpp; sourceTree = "SOURCE_ROOT"; };
		0C9883696E72E4E224B50C97 = {isa = PBXFileReference; lastKnownFileType = sourcecode.c.h; name = Pattern.hh; path = ../Source/AI/Pattern.hh; sourceTree = "SOURCE_ROOT"; };
		0E7F55CB56623ED24FEF7F9A = {isa = PBXFileReference; lastKnownFileType = wrapper.framework; name = AudioToolbox.framework; path = System/Library/Frameworks/AudioToolbox.framework; sourceTree = SDKROOT; };
		0F2CB3C8CBD8203A2F7A9555 = {isa = PBXFileReference; lastKnownFileType = sourcecode.cpp.cpp; name = MusicStyleButton.cpp; path = ../Source/GraphManager/MusicStyleButton.cpp; sourceTree = "SOURCE_ROOT"; };
		0FFBE436BD356CD9D9DC72C5 = {isa = PBXFileReference; lastKnownFileType = sourcecode.cpp.cpp; name = CmdManager.cpp; path = ../Source/CmdManager.cpp; sourceTree = "SOURCE_ROOT"; };
		1113368D447E6FBE5B08C4E2 = {isa = PBXFileReference; lastKnownFileType = sourcecode.c.h; name = CmdManager.hh; path = ../Source/CmdManager.hh; sourceTree = "SOURCE_ROOT"; };
		112519F920DEEB5128F56855 = {isa = PBXFileReference; lastKnownFileType = sourcecode.cpp.cpp; name = StyleSettings.cpp; path = ../Source/AI/StyleSettings.cpp; sourceTree = "SOURCE_ROOT"; };
		11C55F30F0296F4DD85DD036 = {isa = PBXFileReference; lastKnownFileType = sourcecode.c.h; name = MainWindow.hh; path = ../Source/GraphManager/MainWindow.hh; sourceTree = "SOURCE_ROOT"; };
		11FFAD712831B6FBC03A7F83 = {isa = PBXFileReference; lastKnownFileType = wrapper.framework; name = AVFoundation.framework; path = System/Library/Frameworks/AVFoundation.framework; sourceTree = SDKROOT; };
		1201FC3C159740FB2B34B4AF = {isa = PBXFileReference; lastKnownFileType = sourcecode.c.h; name = LoginPanel.hh; path = ../Source/GraphManager/LoginPanel.hh; sourceTree = "SOURCE_ROOT"; };
		12A17B1F4DDCC99AC595108F = {isa = PBXFileReference; lastKnownFileType = sourcecode.cpp.cpp; name = AGraphManager.cpp; path = ../Source/GraphManager/AGraphManager.cpp; sourceTree = "SOURCE_ROOT"; };
		12A3BE6AAE6BE87F18BEA2FF = {isa = PBXFileReference; lastKnownFileType = sourcecode.c.h; name = NonCopyable.hpp; path = ../Source/Utils/NonCopyable.hpp; sourceTree = "SOURCE_ROOT"; };
		12DCA21D8D15022BD498E593 = {isa = PBXFileReference; lastKnownFileType = sourcecode.cpp.cpp; name = AI.cpp; path = ../Source/AI/AI.cpp; sourceTree = "SOURCE_ROOT"; };
		136778F2191E607B5C2DEA64 = {isa = PBXFileReference; lastKnownFileType = sourcecode.cpp.cpp; name = MidiManager.cpp; path = ../Source/MidiManager/MidiManager.cpp; sourceTree = "SOURCE_ROOT"; };
		164EDD664D0C7B31AF874943 = {isa = PBXFileReference; lastKnownFileType = sourcecode.c.h; name = LoginComponent.h; path = ../Source/GraphManager/LoginComponent.h; sourceTree = "SOURCE_ROOT"; };
		186AA992DAECDB6436F29669 = {isa = PBXFileReference; lastKnownFileType = sourcecode.cpp.cpp; name = LoginPanel.cpp; path = ../Source/GraphManager/LoginPanel.cpp; sourceTree = "SOURCE_ROOT"; };
		19E61BA5AE7962DF5C583C45 = {isa = PBXFileReference; lastKnownFileType = sourcecode.cpp.cpp; name = ThreadPool.cpp; path = ../Source/ThreadPool.cpp; sourceTree = "SOURCE_ROOT"; };
		1A6831012F65AE41273E0900 = {isa = PBXFileReference; lastKnownFileType = sourcecode.cpp.cpp; name = Music.cpp; path = ../Source/Music.cpp; sourceTree = "SOURCE_ROOT"; };
		1E6F22B5339AC9C1E93A1B4A = {isa = PBXFileReference; lastKnownFileType = sourcecode.c.h; name = BasicButton.hh; path = ../Source/GraphManager/BasicButton.hh; sourceTree = "SOURCE_ROOT"; };
		1E8F19B7010386E6DD581B6D = {isa = PBXFileReference; lastKnownFileType = sourcecode.c.h; name = AI.hh; path = ../Source/AI/AI.hh; sourceTree = "SOURCE_ROOT"; };
		1EA521E73BF944102BAD2823 = {isa = PBXFileReference; lastKnownFileType = sourcecode.cpp.objcpp; name = "include_juce_gui_extra.mm"; path = "../JuceLibraryCode/include_juce_gui_extra.mm"; sourceTree = "SOURCE_ROOT"; };
		1FAEC6C6E6732FD1E5270A0D = {isa = PBXFileReference; lastKnownFileType = file; name = "juce_audio_utils"; path = "../JuceLibraryCode/modules/juce_audio_utils"; sourceTree = "SOURCE_ROOT"; };
		21250A858E269715B6B10676 = {isa = PBXFileReference; lastKnownFileType = sourcecode.c.h; name = DateTime.hh; path = ../Source/DateTime.hh; sourceTree = "SOURCE_ROOT"; };
		22EE2A473F8769F09551F55B = {isa = PBXFileReference; lastKnownFileType = sourcecode.c.h; name = Player.hh; path = ../Source/Player.hh; sourceTree = "SOURCE_ROOT"; };
		23B7886A103CA806581FEF5E = {isa = PBXFileReference; lastKnownFileType = sourcecode.c.h; name = CondVariable.hh; path = ../Source/CondVariable.hh; sourceTree = "SOURCE_ROOT"; };
		25CC57FE305975BFAC989BC5 = {isa = PBXFileReference; lastKnownFileType = sourcecode.c.h; name = MusicRecorder.hh; path = ../Source/MusicRecorder.hh; sourceTree = "SOURCE_ROOT"; };
		25DE2BAEA453E122992B4EEA = {isa = PBXFileReference; lastKnownFileType = sourcecode.cpp.cpp; name = MusicGenerator.cpp; path = ../Source/AI/MusicGenerator.cpp; sourceTree = "SOURCE_ROOT"; };
		280646F3E78D4275521A1474 = {isa = PBXFileReference; lastKnownFileType = sourcecode.c.h; name = ADatabasManager.hh; path = ../Source/DatabaseManager/ADatabasManager.hh; sourceTree = "SOURCE_ROOT"; };
		2891F93FE5106F8FDC034261 = {isa = PBXFileReference; lastKnownFileType = sourcecode.c.h; name = JuceHeader.h; path = ../JuceLibraryCode/JuceHeader.h; sourceTree = "SOURCE_ROOT"; };
		299F20C618DE98F5910C96BE = {isa = PBXFileReference; lastKnownFileType = sourcecode.c.h; name = LabeledTextBox.hh; path = ../Source/GraphManager/LabeledTextBox.hh; sourceTree = "SOURCE_ROOT"; };
		2AAB121CD9F210F81DAE5992 = {isa = PBXFileReference; lastKnownFileType = image.png; name = back.png; path = ../Source/Ressources/back.png; sourceTree = "SOURCE_ROOT"; };
		2B0963E0143E54683D7DC232 = {isa = PBXFileReference; lastKnownFileType = sourcecode.cpp.cpp; name = PlayerPanel.cpp; path = ../Source/GraphManager/PlayerPanel.cpp; sourceTree = "SOURCE_ROOT"; };
		2C5FB940043CAA4E1CE3787D = {isa = PBXFileReference; lastKnownFileType = sourcecode.c.h; name = PatternGenerator.hh; path = ../Source/AI/PatternGenerator.hh; sourceTree = "SOURCE_ROOT"; };
		2CD0547F4F4045BF7E59ACB6 = {isa = PBXFileReference; lastKnownFileType = sourcecode.c.h; name = IView.hpp; path = ../Source/ViewManager/IView.hpp; sourceTree = "SOURCE_ROOT"; };
		2CECF95EA97479D9F308CB6E = {isa = PBXFileReference; lastKnownFileType = sourcecode.c.h; name = LeftPanel.hh; path = ../Source/GraphManager/LeftPanel.hh; sourceTree = "SOURCE_ROOT"; };
		2D23EEA79A0706B6508D1258 = {isa = PBXFileReference; lastKnownFileType = sourcecode.cpp.objcpp; name = "include_juce_audio_utils.mm"; path = "../JuceLibraryCode/include_juce_audio_utils.mm"; sourceTree = "SOURCE_ROOT"; };
		306FB715FE0F35A4F19E6BA4 = {isa = PBXFileReference; lastKnownFileType = sourcecode.cpp.cpp; name = Disposition.cpp; path = ../Source/AI/Disposition.cpp; sourceTree = "SOURCE_ROOT"; };
		317C6248BDA9DD67054E26DE = {isa = PBXFileReference; lastKnownFileType = sourcecode.c.h; name = Playlist.hh; path = ../Source/Playlist.hh; sourceTree = "SOURCE_ROOT"; };
		347D72B9C4B773D12E0B5956 = {isa = PBXFileReference; lastKnownFileType = sourcecode.c.h; name = HomePage.hh; path = ../Source/ViewManager/HomePage.hh; sourceTree = "SOURCE_ROOT"; };
		358A9BF25A69CEFFA265507D = {isa = PBXFileReference; lastKnownFileType = sourcecode.cpp.cpp; name = Semaphore.cpp; path = ../Source/Semaphore.cpp; sourceTree = "SOURCE_ROOT"; };
		36D5B01A04DA0980E33809F0 = {isa = PBXFileReference; lastKnownFileType = sourcecode.c.h; name = FileManager.hh; path = ../Source/FileManager.hh; sourceTree = "SOURCE_ROOT"; };
		38D26578163027F96ED634EB = {isa = PBXFileReference; lastKnownFileType = sourcecode.cpp.cpp; name = Resolution.cpp; path = ../Source/AI/Resolution.cpp; sourceTree = "SOURCE_ROOT"; };
		39EEEEFB12D397701125E9CE = {isa = PBXFileReference; lastKnownFileType = sourcecode.c.h; name = AMidiManager.hh; path = ../Source/MidiManager/AMidiManager.hh; sourceTree = "SOURCE_ROOT"; };
		39FB10B6A4C853F8CB672A5D = {isa = PBXFileReference; lastKnownFileType = sourcecode.c.h; name = Instrument.hh; path = ../Source/Instrument.hh; sourceTree = "SOURCE_ROOT"; };
		3EC92B10AB73549BEC1C0AA1 = {isa = PBXFileReference; lastKnownFileType = sourcecode.c.h; name = AGraphManager.hh; path = ../Source/GraphManager/AGraphManager.hh; sourceTree = "SOURCE_ROOT"; };
		3ED6B1A173C6A6AE78B6CC73 = {isa = PBXFileReference; lastKnownFileType = sourcecode.cpp.cpp; name = User.cpp; path = ../Source/User.cpp; sourceTree = "SOURCE_ROOT"; };
		3EDF5AB5988E45858DE0A08E = {isa = PBXFileReference; lastKnownFileType = sourcecode.c.h; name = ThreadPool.hh; path = ../Source/ThreadPool.hh; sourceTree = "SOURCE_ROOT"; };
		3F740A6B65563434ABC9D191 = {isa = PBXFileReference; lastKnownFileType = file; name = "juce_audio_basics"; path = "../JuceLibraryCode/modules/juce_audio_basics"; sourceTree = "SOURCE_ROOT"; };
		3FE882C6216A0C5E9B66E75A = {isa = PBXFileReference; lastKnownFileType = file; name = "juce_cryptography"; path = "../JuceLibraryCode/modules/juce_cryptography"; sourceTree = "SOURCE_ROOT"; };
		42629489571C5E1E6D0D400E = {isa = PBXFileReference; lastKnownFileType = sourcecode.cpp.cpp; name = Core.cpp; path = ../Source/Core.cpp; sourceTree = "SOURCE_ROOT"; };
		429ED753164457BFD5DE6E95 = {isa = PBXFileReference; lastKnownFileType = sourcecode.c.h; name = IMidiManager.hpp; path = ../Source/MidiManager/IMidiManager.hpp; sourceTree = "SOURCE_ROOT"; };
		42AE6AA8069F52DBCA04F836 = {isa = PBXFileReference; lastKnownFileType = file; name = "juce_audio_processors"; path = "../JuceLibraryCode/modules/juce_audio_processors"; sourceTree = "SOURCE_ROOT"; };
		4366B38C3F7BCA64D92DFDF1 = {isa = PBXFileReference; lastKnownFileType = file; name = "juce_audio_devices"; path = "../JuceLibraryCode/modules/juce_audio_devices"; sourceTree = "SOURCE_ROOT"; };
		443A78C6C4EBD465284CDEA6 = {isa = PBXFileReference; lastKnownFileType = sourcecode.cpp.cpp; name = AEncryptionManager.cpp; path = ../Source/EncryptionManager/AEncryptionManager.cpp; sourceTree = "SOURCE_ROOT"; };
		443C7886BECB7DD3545BE6EE = {isa = PBXFileReference; lastKnownFileType = file; name = "juce_audio_formats"; path = "../JuceLibraryCode/modules/juce_audio_formats"; sourceTree = "SOURCE_ROOT"; };
		4494DFB78FE1E52022E539BD = {isa = PBXFileReference; lastKnownFileType = sourcecode.c.h; name = GuiFactory.hh; path = ../Source/Factories/GuiFactory.hh; sourceTree = "SOURCE_ROOT"; };
		465D8D42DED0E6269830EDEC = {isa = PBXFileReference; lastKnownFileType = sourcecode.c.h; name = BinaryData.h; path = ../JuceLibraryCode/BinaryData.h; sourceTree = "SOURCE_ROOT"; };
		49E40B3C2AF24E2F27AB27B1 = {isa = PBXFileReference; lastKnownFileType = sourcecode.cpp.cpp; name = CenterPanel.cpp; path = ../Source/GraphManager/CenterPanel.cpp; sourceTree = "SOURCE_ROOT"; };
		49FE52E9A4E4C3036BC63D78 = {isa = PBXFileReference; lastKnownFileType = sourcecode.cpp.cpp; name = PatternGenerator.cpp; path = ../Source/AI/PatternGenerator.cpp; sourceTree = "SOURCE_ROOT"; };
		4A34675E59A7C113FDEBFE5D = {isa = PBXFileReference; lastKnownFileType = sourcecode.cpp.cpp; name = Midi.cpp; path = ../Source/MidiManager/Midi.cpp; sourceTree = "SOURCE_ROOT"; };
		4A7EBE30793972F12564BC02 = {isa = PBXFileReference; lastKnownFileType = file; name = "juce_gui_basics"; path = "../JuceLibraryCode/modules/juce_gui_basics"; sourceTree = "SOURCE_ROOT"; };
		4E648992CC5A86BD86828234 = {isa = PBXFileReference; lastKnownFileType = sourcecode.cpp.cpp; name = Player.cpp; path = ../Source/Player.cpp; sourceTree = "SOURCE_ROOT"; };
		50A8352D63F6139F5CF2ABA3 = {isa = PBXFileReference; lastKnownFileType = sourcecode.cpp.objcpp; name = "include_juce_video.mm"; path = "../JuceLibraryCode/include_juce_video.mm"; sourceTree = "SOURCE_ROOT"; };
		50FCAA69C1252E2D1B7F1A5B = {isa = PBXFileReference; lastKnownFileType = wrapper.framework; name = CoreAudio.framework; path = System/Library/Frameworks/CoreAudio.framework; sourceTree = SDKROOT; };
		5394AFFA7E5D64A2CDB718D1 = {isa = PBXFileReference; lastKnownFileType = sourcecode.cpp.cpp; name = ADatabasManager.cpp; path = ../Source/DatabaseManager/ADatabasManager.cpp; sourceTree = "SOURCE_ROOT"; };
		56A2745C11346001EE3F8737 = {isa = PBXFileReference; lastKnownFileType = sourcecode.cpp.cpp; name = HomePage.cpp; path = ../Source/ViewManager/HomePage.cpp; sourceTree = "SOURCE_ROOT"; };
		56D7F8AAB182FA355289AF68 = {isa = PBXFileReference; lastKnownFileType = sourcecode.cpp.objcpp; name = "include_juce_cryptography.mm"; path = "../JuceLibraryCode/include_juce_cryptography.mm"; sourceTree = "SOURCE_ROOT"; };
		570CAB753D62CD8C49BA43B6 = {isa = PBXFileReference; lastKnownFileType = sourcecode.cpp.cpp; name = ARestClient.cpp; path = ../Source/RestClient/ARestClient.cpp; sourceTree = "SOURCE_ROOT"; };
		58BBFCA0C8C7BFC25C479C2E = {isa = PBXFileReference; lastKnownFileType = file; name = "juce_core"; path = "../JuceLibraryCode/modules/juce_core"; sourceTree = "SOURCE_ROOT"; };
		5A1904E605A7FF8522F20F7B = {isa = PBXFileReference; lastKnownFileType = sourcecode.cpp.cpp; name = jsoncpp.cpp; path = ../JsoncppLibrary/jsoncpp.cpp; sourceTree = "SOURCE_ROOT"; };
		5A1D53FED427F7AB51C319AF = {isa = PBXFileReference; lastKnownFileType = sourcecode.cpp.cpp; name = CondVariable.cpp; path = ../Source/CondVariable.cpp; sourceTree = "SOURCE_ROOT"; };
		5A6B3060E04D14BF4B5AE4DA = {isa = PBXFileReference; lastKnownFileType = sourcecode.c.h; name = IRestClient.hpp; path = ../Source/RestClient/IRestClient.hpp; sourceTree = "SOURCE_ROOT"; };
		5E83A2EAC826FB9D99E627BA = {isa = PBXFileReference; lastKnownFileType = sourcecode.c.h; name = ObjectMarkov.hh; path = ../Source/AI/ObjectMarkov.hh; sourceTree = "SOURCE_ROOT"; };
		5F9B425F0662334CBD09DD15 = {isa = PBXFileReference; lastKnownFileType = sourcecode.cpp.cpp; name = LeftPanel.cpp; path = ../Source/GraphManager/LeftPanel.cpp; sourceTree = "SOURCE_ROOT"; };
		6090158729255A8CD17C4420 = {isa = PBXFileReference; lastKnownFileType = file; name = Dark; path = ../Source/Themes/Dark; sourceTree = "SOURCE_ROOT"; };
		617F75B952C89C814045CF59 = {isa = PBXFileReference; lastKnownFileType = sourcecode.cpp.cpp; name = Pattern.cpp; path = ../Source/AI/Pattern.cpp; sourceTree = "SOURCE_ROOT"; };
		61FA24C7BFEFA1E2AC3DA08C = {isa = PBXFileReference; lastKnownFileType = sourcecode.cpp.cpp; name = UserParamsPanel.cpp; path = ../Source/GraphManager/UserParamsPanel.cpp; sourceTree = "SOURCE_ROOT"; };
		6261A205E11F76C9F18B1BE0 = {isa = PBXFileReference; lastKnownFileType = file; name = "juce_gui_extra"; path = "../JuceLibraryCode/modules/juce_gui_extra"; sourceTree = "SOURCE_ROOT"; };
		63E7F2E6EB76C2F37B3B6D25 = {isa = PBXFileReference; lastKnownFileType = sourcecode.cpp.objcpp; name = "include_juce_gui_basics.mm"; path = "../JuceLibraryCode/include_juce_gui_basics.mm"; sourceTree = "SOURCE_ROOT"; };
		65C41F3FFE95782FAFD2672C = {isa = PBXFileReference; lastKnownFileType = sourcecode.cpp.cpp; name = JuceSound.cpp; path = ../Source/SoundManager/JuceSound.cpp; sourceTree = "SOURCE_ROOT"; };
		65FFC0CE3C96AB4D76E627CD = {isa = PBXFileReference; lastKnownFileType = text.plist.xml; name = "Info-App.plist"; path = "Info-App.plist"; sourceTree = "SOURCE_ROOT"; };
		663B5A000A045062F45E0524 = {isa = PBXFileReference; lastKnownFileType = sourcecode.c.h; name = Chords.hh; path = ../Source/AI/Chords.hh; sourceTree = "SOURCE_ROOT"; };
		6656EF345CD2EAA501E7D24D = {isa = PBXFileReference; lastKnownFileType = sourcecode.c.h; name = FlexGroup.hh; path = ../Source/GraphManager/FlexGroup.hh; sourceTree = "SOURCE_ROOT"; };
		66F106BAF2510CDFC4FAE3A3 = {isa = PBXFileReference; lastKnownFileType = sourcecode.c.h; name = IGraphManager.hpp; path = ../Source/GraphManager/IGraphManager.hpp; sourceTree = "SOURCE_ROOT"; };
		67FE614F68DB129A80070E23 = {isa = PBXFileReference; lastKnownFileType = sourcecode.c.h; name = Music.hh; path = ../Source/Music.hh; sourceTree = "SOURCE_ROOT"; };
		6906E859EC9152A0EAD0B3E0 = {isa = PBXFileReference; lastKnownFileType = sourcecode.c.h; name = Instruments.hh; path = ../Source/MidiManager/Instruments.hh; sourceTree = "SOURCE_ROOT"; };
		6A0CC25D3238A26FB0F3A948 = {isa = PBXFileReference; lastKnownFileType = sourcecode.cpp.cpp; name = DateTime.cpp; path = ../Source/DateTime.cpp; sourceTree = "SOURCE_ROOT"; };
		6A853BB14D9118BE69A41414 = {isa = PBXFileReference; lastKnownFileType = sourcecode.cpp.cpp; name = Subscription.cpp; path = ../Source/Subscription.cpp; sourceTree = "SOURCE_ROOT"; };
		6ABC9BB8DC942DB3BC0AC6F6 = {isa = PBXFileReference; lastKnownFileType = sourcecode.cpp.cpp; name = UserSettings.cpp; path = ../Source/UserSettings.cpp; sourceTree = "SOURCE_ROOT"; };
		6B1F16656CAA74084F8E3893 = {isa = PBXFileReference; lastKnownFileType = sourcecode.cpp.cpp; name = FileManager.cpp; path = ../Source/FileManager.cpp; sourceTree = "SOURCE_ROOT"; };
		6F00FBD6E5675ED27DB33D5F = {isa = PBXFileReference; lastKnownFileType = sourcecode.cpp.cpp; name = MainComponent.cpp; path = ../Source/GraphManager/MainComponent.cpp; sourceTree = "SOURCE_ROOT"; };
		70DCB906AF9A967A080ADA5C = {isa = PBXFileReference; lastKnownFileType = file; name = "juce_graphics"; path = "../JuceLibraryCode/modules/juce_graphics"; sourceTree = "SOURCE_ROOT"; };
		723788CCC2D96A5E318F94C4 = {isa = PBXFileReference; lastKnownFileType = sourcecode.c.h; name = JuceSound.hh; path = ../Source/SoundManager/JuceSound.hh; sourceTree = "SOURCE_ROOT"; };
		73B2EB2C54358C8A4F306927 = {isa = PBXFileReference; lastKnownFileType = sourcecode.c.h; name = IEncryptionManager.hpp; path = ../Source/EncryptionManager/IEncryptionManager.hpp; sourceTree = "SOURCE_ROOT"; };
		7511F0CB6B6334C12BCEE1D6 = {isa = PBXFileReference; lastKnownFileType = wrapper.framework; name = DiscRecording.framework; path = System/Library/Frameworks/DiscRecording.framework; sourceTree = SDKROOT; };
		76D1E6009D8E9B07A89D4ACD = {isa = PBXFileReference; lastKnownFileType = sourcecode.cpp.cpp; name = MusicStyle.cpp; path = ../Source/MusicStyle.cpp; sourceTree = "SOURCE_ROOT"; };
		7779CFE25D4B977C7E1634E3 = {isa = PBXFileReference; lastKnownFileType = sourcecode.c.h; name = AEncryptionManager.hh; path = ../Source/EncryptionManager/AEncryptionManager.hh; sourceTree = "SOURCE_ROOT"; };
		7788B5592E66EBFA439E84D0 = {isa = PBXFileReference; lastKnownFileType = sourcecode.cpp.cpp; name = Theme.cpp; path = ../Source/GraphManager/Theme.cpp; sourceTree = "SOURCE_ROOT"; };
		798975642111ED9041E3B417 = {isa = PBXFileReference; lastKnownFileType = wrapper.framework; name = Accelerate.framework; path = System/Library/Frameworks/Accelerate.framework; sourceTree = SDKROOT; };
		79B68727B68B10BB25B2BC1E = {isa = PBXFileReference; lastKnownFileType = image.png; name = logo.png; path = ../Source/Ressources/logo.png; sourceTree = "SOURCE_ROOT"; };
		79B79DDCF896D5D0B0FC94EC = {isa = PBXFileReference; lastKnownFileType = file; name = "juce_video"; path = "../JuceLibraryCode/modules/juce_video"; sourceTree = "SOURCE_ROOT"; };
		7B6B2B87F48DDD6044CF22AE = {isa = PBXFileReference; lastKnownFileType = sourcecode.c.h; name = IDatabaseManager.hh; path = ../Source/DatabaseManager/IDatabaseManager.hh; sourceTree = "SOURCE_ROOT"; };
		7C73B134BC16B9B03BE05B50 = {isa = PBXFileReference; lastKnownFileType = sourcecode.c.h; name = SimpleLabel.hh; path = ../Source/GraphManager/SimpleLabel.hh; sourceTree = "SOURCE_ROOT"; };
		7DF6C349D7789C94E364A333 = {isa = PBXFileReference; lastKnownFileType = file; name = "juce_data_structures"; path = "../JuceLibraryCode/modules/juce_data_structures"; sourceTree = "SOURCE_ROOT"; };
		7F4F4EB53C4D39BAC839EB31 = {isa = PBXFileReference; lastKnownFileType = wrapper.framework; name = WebKit.framework; path = System/Library/Frameworks/WebKit.framework; sourceTree = SDKROOT; };
		80263D653472179EABD2A1C7 = {isa = PBXFileReference; lastKnownFileType = sourcecode.c.h; name = Semaphore.hh; path = ../Source/Semaphore.hh; sourceTree = "SOURCE_ROOT"; };
		803102C29C917F635EEE2ADD = {isa = PBXFileReference; lastKnownFileType = sourcecode.cpp.cpp; name = FlexGroup.cpp; path = ../Source/GraphManager/FlexGroup.cpp; sourceTree = "SOURCE_ROOT"; };
		805239F1559CB3B537A656B4 = {isa = PBXFileReference; lastKnownFileType = wrapper.framework; name = CoreMedia.framework; path = System/Library/Frameworks/CoreMedia.framework; sourceTree = SDKROOT; };
		83FDD2639B1FFA7E69CA9323 = {isa = PBXFileReference; lastKnownFileType = sourcecode.c.h; name = AView.hh; path = ../Source/ViewManager/AView.hh; sourceTree = "SOURCE_ROOT"; };
		84601D50D9D57E3396CF903A = {isa = PBXFileReference; explicitFileType = wrapper.application; includeInIndex = 0; path = BardeClient.app; sourceTree = "BUILT_PRODUCTS_DIR"; };
		86714B581F6EBAA26145F4E9 = {isa = PBXFileReference; lastKnownFileType = sourcecode.c.h; name = StyleSettings.hh; path = ../Source/AI/StyleSettings.hh; sourceTree = "SOURCE_ROOT"; };
		89AA9B4C887ADBA26CD05467 = {isa = PBXFileReference; lastKnownFileType = sourcecode.c.h; name = ISoundManager.hpp; path = ../Source/SoundManager/ISoundManager.hpp; sourceTree = "SOURCE_ROOT"; };
		8BC6453EF1DA1B36F2440108 = {isa = PBXFileReference; lastKnownFileType = sourcecode.cpp.cpp; name = SSLManager.cpp; path = ../Source/EncryptionManager/SSLManager.cpp; sourceTree = "SOURCE_ROOT"; };
		8BFF7E7C3570E8CA74ECCE39 = {isa = PBXFileReference; lastKnownFileType = wrapper.framework; name = QuartzCore.framework; path = System/Library/Frameworks/QuartzCore.framework; sourceTree = SDKROOT; };
		8D0FC2BF43685C277D9AAEB3 = {isa = PBXFileReference; lastKnownFileType = sourcecode.cpp.objcpp; name = "include_juce_data_structures.mm"; path = "../JuceLibraryCode/include_juce_data_structures.mm"; sourceTree = "SOURCE_ROOT"; };
		8F540EE02A5C12ABED5B08A1 = {isa = PBXFileReference; lastKnownFileType = sourcecode.c.h; name = PlayerPanel.hh; path = ../Source/GraphManager/PlayerPanel.hh; sourceTree = "SOURCE_ROOT"; };
		902CE0405C3723F16FA0D660 = {isa = PBXFileReference; lastKnownFileType = sourcecode.cpp.cpp; name = LoginComponent.cpp; path = ../Source/GraphManager/LoginComponent.cpp; sourceTree = "SOURCE_ROOT"; };
		90568CB8ED05EA68CCC843C9 = {isa = PBXFileReference; lastKnownFileType = sourcecode.cpp.cpp; name = UserRegistration.cpp; path = ../Source/GraphManager/UserRegistration.cpp; sourceTree = "SOURCE_ROOT"; };
		91E2A281DDCFFD5A418C23D9 = {isa = PBXFileReference; lastKnownFileType = sourcecode.c.h; name = ASoundManager.hh; path = ../Source/SoundManager/ASoundManager.hh; sourceTree = "SOURCE_ROOT"; };
		93B5BA2F6619F977392CE0EB = {isa = PBXFileReference; lastKnownFileType = sourcecode.cpp.cpp; name = MusicParameters.cpp; path = ../Source/MusicParameters.cpp; sourceTree = "SOURCE_ROOT"; };
		93F0D60A5B9F2ADED0756129 = {isa = PBXFileReference; lastKnownFileType = wrapper.framework; name = IOKit.framework; path = System/Library/Frameworks/IOKit.framework; sourceTree = SDKROOT; };
		96700574ECB4B65AA537237E = {isa = PBXFileReference; lastKnownFileType = sourcecode.cpp.cpp; name = StringChecker.cpp; path = ../Source/Utils/StringChecker.cpp; sourceTree = "SOURCE_ROOT"; };
		9881AC69F0D01D09269E7949 = {isa = PBXFileReference; lastKnownFileType = sourcecode.c.h; name = Tools.hh; path = ../Source/Tools.hh; sourceTree = "SOURCE_ROOT"; };
		98F6B13504E1889BA74182A4 = {isa = PBXFileReference; lastKnownFileType = sourcecode.c.h; name = Configuration.hh; path = ../Source/Configuration.hh; sourceTree = "SOURCE_ROOT"; };
		9AA42095A0C0B5A871496F21 = {isa = PBXFileReference; lastKnownFileType = wrapper.framework; name = Carbon.framework; path = System/Library/Frameworks/Carbon.framework; sourceTree = SDKROOT; };
		9AA829109C269C6E0B4359B3 = {isa = PBXFileReference; lastKnownFileType = sourcecode.c.h; name = SQLiteManager.hh; path = ../Source/DatabaseManager/SQLiteManager.hh; sourceTree = "SOURCE_ROOT"; };
		9B1996BFF142E6D223BB32F9 = {isa = PBXFileReference; lastKnownFileType = sourcecode.cpp.cpp; name = main.cpp; path = ../Source/main.cpp; sourceTree = "SOURCE_ROOT"; };
		9B5B35D676680BA37A004753 = {isa = PBXFileReference; lastKnownFileType = sourcecode.c.h; name = Midi.hh; path = ../Source/MidiManager/Midi.hh; sourceTree = "SOURCE_ROOT"; };
		9C3FDA54BC9BBC3A6A6DE749 = {isa = PBXFileReference; lastKnownFileType = sourcecode.cpp.objcpp; name = "include_juce_events.mm"; path = "../JuceLibraryCode/include_juce_events.mm"; sourceTree = "SOURCE_ROOT"; };
		9FEA6DB6A9774210FC6CFADF = {isa = PBXFileReference; lastKnownFileType = sourcecode.c.h; name = CenterPanel.hh; path = ../Source/GraphManager/CenterPanel.hh; sourceTree = "SOURCE_ROOT"; };
		A16BF089B878DCD3D2B080D1 = {isa = PBXFileReference; lastKnownFileType = sourcecode.cpp.cpp; name = SimpleLabel.cpp; path = ../Source/GraphManager/SimpleLabel.cpp; sourceTree = "SOURCE_ROOT"; };
		A28A986B2D18B564A25F1F53 = {isa = PBXFileReference; lastKnownFileType = sourcecode.cpp.cpp; name = GuiFactory.cpp; path = ../Source/Factories/GuiFactory.cpp; sourceTree = "SOURCE_ROOT"; };
		A4510CCDD1017609690D5E43 = {isa = PBXFileReference; lastKnownFileType = sourcecode.cpp.cpp; name = BasicButton.cpp; path = ../Source/GraphManager/BasicButton.cpp; sourceTree = "SOURCE_ROOT"; };
		A666E3BC043D89D2DF91CE84 = {isa = PBXFileReference; lastKnownFileType = sourcecode.c.h; name = MusicStyleButton.h; path = ../Source/GraphManager/MusicStyleButton.h; sourceTree = "SOURCE_ROOT"; };
		A7E738BE3D9C941B7FF19B90 = {isa = PBXFileReference; lastKnownFileType = sourcecode.c.h; name = Authentification.hh; path = ../Source/Authentification.hh; sourceTree = "SOURCE_ROOT"; };
		A9B45404EBF4D0FAC427A192 = {isa = PBXFileReference; lastKnownFileType = sourcecode.c.h; name = UserParamsPanel.hh; path = ../Source/GraphManager/UserParamsPanel.hh; sourceTree = "SOURCE_ROOT"; };
		ABA1E7CDE69008542A1DBADA = {isa = PBXFileReference; lastKnownFileType = sourcecode.cpp.cpp; name = SynthesizerInstrument.cpp; path = ../Source/SoundManager/SynthesizerInstrument.cpp; sourceTree = "SOURCE_ROOT"; };
		ABAF18C87066B4877466E3AE = {isa = PBXFileReference; lastKnownFileType = file; name = "juce_osc"; path = "../JuceLibraryCode/modules/juce_osc"; sourceTree = "SOURCE_ROOT"; };
		AC29B7D03AAC65CD92AA1CD6 = {isa = PBXFileReference; lastKnownFileType = sourcecode.c.h; name = Synthesizer.hh; path = ../Source/SoundManager/Synthesizer.hh; sourceTree = "SOURCE_ROOT"; };
		AD2028D07F50B93463CF3C09 = {isa = PBXFileReference; lastKnownFileType = sourcecode.c.h; name = Theme.h; path = ../Source/GraphManager/Theme.h; sourceTree = "SOURCE_ROOT"; };
		AD8523ED84355D2D46B3D71F = {isa = PBXFileReference; lastKnownFileType = sourcecode.cpp.cpp; name = RestClient.cpp; path = ../Source/RestClient/RestClient.cpp; sourceTree = "SOURCE_ROOT"; };
		AD976662FCE69149775C6524 = {isa = PBXFileReference; lastKnownFileType = sourcecode.c.h; name = Resolution.hh; path = ../Source/AI/Resolution.hh; sourceTree = "SOURCE_ROOT"; };
		ADC3D2483FC919FDF759ECAB = {isa = PBXFileReference; lastKnownFileType = sourcecode.cpp.cpp; name = PlayerFooter.cpp; path = ../Source/GraphManager/PlayerFooter.cpp; sourceTree = "SOURCE_ROOT"; };
		AE6586AA282A34141B1056C6 = {isa = PBXFileReference; lastKnownFileType = sourcecode.c.h; name = Subscription.hh; path = ../Source/Subscription.hh; sourceTree = "SOURCE_ROOT"; };
		B003CC329CA8D261817BA34F = {isa = PBXFileReference; lastKnownFileType = sourcecode.cpp.objcpp; name = "include_juce_audio_formats.mm"; path = "../JuceLibraryCode/include_juce_audio_formats.mm"; sourceTree = "SOURCE_ROOT"; };
		B48576F907A6A34E0E1649AC = {isa = PBXFileReference; lastKnownFileType = sourcecode.c.h; name = AppConfig.h; path = ../JuceLibraryCode/AppConfig.h; sourceTree = "SOURCE_ROOT"; };
		B489B5ACED65548A8C35E04C = {isa = PBXFileReference; lastKnownFileType = sourcecode.cpp.cpp; name = RegistrationPanel.cpp; path = ../Source/GraphManager/RegistrationPanel.cpp; sourceTree = "SOURCE_ROOT"; };
		B5A83A856F4B14A406A05095 = {isa = PBXFileReference; lastKnownFileType = sourcecode.c.h; name = StringChecker.hh; path = ../Source/Utils/StringChecker.hh; sourceTree = "SOURCE_ROOT"; };
		B7CFFCFF307F664D12EBE314 = {isa = PBXFileReference; lastKnownFileType = sourcecode.cpp.cpp; name = FlexView.cpp; path = ../Source/ViewManager/FlexView.cpp; sourceTree = "SOURCE_ROOT"; };
		B7D93852065D4309B2059EB7 = {isa = PBXFileReference; lastKnownFileType = sourcecode.c.h; name = AComponent.hh; path = ../Source/GraphManager/AComponent.hh; sourceTree = "SOURCE_ROOT"; };
		B9AC81F8D74F1DC31C34E5CF = {isa = PBXFileReference; lastKnownFileType = sourcecode.cpp.cpp; name = JuceManager.cpp; path = ../Source/GraphManager/JuceManager.cpp; sourceTree = "SOURCE_ROOT"; };
		BAC2839A58B20CC041354114 = {isa = PBXFileReference; lastKnownFileType = sourcecode.cpp.cpp; name = AComponent.cpp; path = ../Source/GraphManager/AComponent.cpp; sourceTree = "SOURCE_ROOT"; };
		BB94EA54FA385429DAD02AD7 = {isa = PBXFileReference; lastKnownFileType = sourcecode.c.h; name = User.hh; path = ../Source/User.hh; sourceTree = "SOURCE_ROOT"; };
		BD2F71DA4F43933066FCD052 = {isa = PBXFileReference; lastKnownFileType = sourcecode.cpp.cpp; name = Authentification.cpp; path = ../Source/Authentification.cpp; sourceTree = "SOURCE_ROOT"; };
		BF23A1A6E17A297E81CBC28E = {isa = PBXFileReference; lastKnownFileType = sourcecode.cpp.cpp; name = LabeledTextBox.cpp; path = ../Source/GraphManager/LabeledTextBox.cpp; sourceTree = "SOURCE_ROOT"; };
		C0F018E8E683AA367764472C = {isa = PBXFileReference; lastKnownFileType = sourcecode.cpp.objcpp; name = "include_juce_audio_basics.mm"; path = "../JuceLibraryCode/include_juce_audio_basics.mm"; sourceTree = "SOURCE_ROOT"; };
		C66885EE35A405DF19A1B307 = {isa = PBXFileReference; lastKnownFileType = sourcecode.cpp.cpp; name = AView.cpp; path = ../Source/ViewManager/AView.cpp; sourceTree = "SOURCE_ROOT"; };
		C88844019D05AD92C166810B = {isa = PBXFileReference; lastKnownFileType = sourcecode.c.h; name = json.h; path = ../JsoncppLibrary/json/json.h; sourceTree = "SOURCE_ROOT"; };
		C960A1C77D7F946EB0F2F32A = {isa = PBXFileReference; lastKnownFileType = sourcecode.c.h; name = Drums.hh; path = ../Source/AI/Drums.hh; sourceTree = "SOURCE_ROOT"; };
		CA5987DF8DBF4AA7ED49C7C0 = {isa = PBXFileReference; lastKnownFileType = sourcecode.c.h; name = SynthesizerInstrument.hh; path = ../Source/SoundManager/SynthesizerInstrument.hh; sourceTree = "SOURCE_ROOT"; };
		CAC5072C269A0EA722187B36 = {isa = PBXFileReference; lastKnownFileType = sourcecode.c.h; name = UserRegistration.h; path = ../Source/GraphManager/UserRegistration.h; sourceTree = "SOURCE_ROOT"; };
		CB33A4F87AF0BABE78B61BCA = {isa = PBXFileReference; lastKnownFileType = file.json; name = people.json; path = ../Source/AI/people.json; sourceTree = "SOURCE_ROOT"; };
		CBE998D59D7C8DB61FD8667C = {isa = PBXFileReference; lastKnownFileType = sourcecode.c.h; name = MusicGenerator.hh; path = ../Source/AI/MusicGenerator.hh; sourceTree = "SOURCE_ROOT"; };
		CBFF0DCB4DEFB90D6C1BE0ED = {isa = PBXFileReference; lastKnownFileType = sourcecode.c.h; name = FlexView.hh; path = ../Source/ViewManager/FlexView.hh; sourceTree = "SOURCE_ROOT"; };
		CE2C6CD62AA2E0E1441CEE62 = {isa = PBXFileReference; lastKnownFileType = file; name = "juce_events"; path = "../JuceLibraryCode/modules/juce_events"; sourceTree = "SOURCE_ROOT"; };
		CFB7289F564DCCFC2D3E94A2 = {isa = PBXFileReference; lastKnownFileType = sourcecode.c.h; name = RegistrationPanel.hh; path = ../Source/GraphManager/RegistrationPanel.hh; sourceTree = "SOURCE_ROOT"; };
		D27DCF836EB785D22056CEAD = {isa = PBXFileReference; lastKnownFileType = file.nib; name = RecentFilesMenuTemplate.nib; path = RecentFilesMenuTemplate.nib; sourceTree = "SOURCE_ROOT"; };
		D2B551D4E4FECAB499F7D2C0 = {isa = PBXFileReference; lastKnownFileType = sourcecode.cpp.cpp; name = Tools.cpp; path = ../Source/Tools.cpp; sourceTree = "SOURCE_ROOT"; };
		D48C144FA64F3C594CFD7E42 = {isa = PBXFileReference; lastKnownFileType = sourcecode.cpp.cpp; name = Synthesizer.cpp; path = ../Source/SoundManager/Synthesizer.cpp; sourceTree = "SOURCE_ROOT"; };
		D6A6B9D0A2199EBA92C4B153 = {isa = PBXFileReference; lastKnownFileType = sourcecode.cpp.cpp; name = Drums.cpp; path = ../Source/AI/Drums.cpp; sourceTree = "SOURCE_ROOT"; };
		DA6A44AC1F4110F032EA9456 = {isa = PBXFileReference; lastKnownFileType = sourcecode.c.h; name = RestClientException.hh; path = ../Source/RestClient/RestClientException.hh; sourceTree = "SOURCE_ROOT"; };
		DA6B1E6E01654DC6D016ED7E = {isa = PBXFileReference; lastKnownFileType = sourcecode.cpp.cpp; name = ListItemComponent.cpp; path = ../ListItemComponent.cpp; sourceTree = "SOURCE_ROOT"; };
		DC94FF68FE89397FA007E25A = {isa = PBXFileReference; lastKnownFileType = sourcecode.cpp.cpp; name = AMidiManager.cpp; path = ../Source/MidiManager/AMidiManager.cpp; sourceTree = "SOURCE_ROOT"; };
		DD26456C5DA18A532905FD9F = {isa = PBXFileReference; lastKnownFileType = sourcecode.cpp.cpp; name = ViewManager.cpp; path = ../Source/ViewManager/ViewManager.cpp; sourceTree = "SOURCE_ROOT"; };
		DDBF2F225B86BCADD38ED20A = {isa = PBXFileReference; lastKnownFileType = sourcecode.c.h; name = MainComponent.h; path = ../Source/GraphManager/MainComponent.h; sourceTree = "SOURCE_ROOT"; };
		DE51185F9B39CBA3092ED5C8 = {isa = PBXFileReference; lastKnownFileType = sourcecode.cpp.cpp; name = BinaryData.cpp; path = ../JuceLibraryCode/BinaryData.cpp; sourceTree = "SOURCE_ROOT"; };
		DF23927347DC25EF65823A74 = {isa = PBXFileReference; lastKnownFileType = wrapper.framework; name = Cocoa.framework; path = System/Library/Frameworks/Cocoa.framework; sourceTree = SDKROOT; };
		E2F3E430C034A76D5995F6DC = {isa = PBXFileReference; lastKnownFileType = sourcecode.c.h; name = "json-forwards.h"; path = "../JsoncppLibrary/json/json-forwards.h"; sourceTree = "SOURCE_ROOT"; };
		E327D7E11EDBF8199E9BFFEF = {isa = PBXFileReference; lastKnownFileType = sourcecode.c.h; name = SSLManager.hh; path = ../Source/EncryptionManager/SSLManager.hh; sourceTree = "SOURCE_ROOT"; };
		E37BD95AE26C8220226A3235 = {isa = PBXFileReference; lastKnownFileType = sourcecode.cpp.objcpp; name = "include_juce_audio_processors.mm"; path = "../JuceLibraryCode/include_juce_audio_processors.mm"; sourceTree = "SOURCE_ROOT"; };
		E397EEB7F65147251CD7C588 = {isa = PBXFileReference; lastKnownFileType = sourcecode.c.h; name = SynchronizeManager.hh; path = ../Source/SynchronizeManager.hh; sourceTree = "SOURCE_ROOT"; };
		E3E0C5D95B6CB8B8B2ADAEDE = {isa = PBXFileReference; lastKnownFileType = sourcecode.cpp.cpp; name = Chords.cpp; path = ../Source/AI/Chords.cpp; sourceTree = "SOURCE_ROOT"; };
		E467A236FA1E1A31F958FB45 = {isa = PBXFileReference; lastKnownFileType = sourcecode.c.h; name = MusicParameters.hh; path = ../Source/MusicParameters.hh; sourceTree = "SOURCE_ROOT"; };
		E5261F9303E6001F57DDBCB2 = {isa = PBXFileReference; lastKnownFileType = sourcecode.cpp.cpp; name = ObjectMarkov.cpp; path = ../Source/AI/ObjectMarkov.cpp; sourceTree = "SOURCE_ROOT"; };
		E79EAA2BBA7CD74D3CD0A17C = {isa = PBXFileReference; lastKnownFileType = sourcecode.c.h; name = ViewManager.hh; path = ../Source/ViewManager/ViewManager.hh; sourceTree = "SOURCE_ROOT"; };
		E824053A30430362E1DD1FC9 = {isa = PBXFileReference; lastKnownFileType = wrapper.framework; name = AVKit.framework; path = System/Library/Frameworks/AVKit.framework; sourceTree = SDKROOT; };
		E89457A6F805476F9FB02B60 = {isa = PBXFileReference; lastKnownFileType = sourcecode.cpp.cpp; name = Instrument.cpp; path = ../Source/Instrument.cpp; sourceTree = "SOURCE_ROOT"; };
		EC23439C96AC1C8DB6AA147F = {isa = PBXFileReference; lastKnownFileType = sourcecode.c.h; name = PlayerFooter.hh; path = ../Source/GraphManager/PlayerFooter.hh; sourceTree = "SOURCE_ROOT"; };
		EDCD1870E421E305C967946D = {isa = PBXFileReference; lastKnownFileType = sourcecode.c.h; name = ListItemComponent.h; path = ../ListItemComponent.h; sourceTree = "SOURCE_ROOT"; };
		EEE1B2686E786F4FB3FB8DE7 = {isa = PBXFileReference; lastKnownFileType = sourcecode.c.h; name = RestClient.hh; path = ../Source/RestClient/RestClient.hh; sourceTree = "SOURCE_ROOT"; };
		F334DC8636A61B99316CBC22 = {isa = PBXFileReference; lastKnownFileType = sourcecode.c.h; name = MidiManager.hh; path = ../Source/MidiManager/MidiManager.hh; sourceTree = "SOURCE_ROOT"; };
		F4A861D7BE05598A445973C5 = {isa = PBXFileReference; lastKnownFileType = sourcecode.c.h; name = Disposition.hh; path = ../Source/AI/Disposition.hh; sourceTree = "SOURCE_ROOT"; };
		F4D51EA3B2FE94D24BEA8EF5 = {isa = PBXFileReference; lastKnownFileType = sourcecode.cpp.cpp; name = SynchronizeManager.cpp; path = ../Source/SynchronizeManager.cpp; sourceTree = "SOURCE_ROOT"; };
		F669469044C087D77A83607D = {isa = PBXFileReference; lastKnownFileType = wrapper.framework; name = CoreMIDI.framework; path = System/Library/Frameworks/CoreMIDI.framework; sourceTree = SDKROOT; };
		F931F0C882C77C4C24C7B902 = {isa = PBXFileReference; lastKnownFileType = sourcecode.cpp.objcpp; name = "include_juce_graphics.mm"; path = "../JuceLibraryCode/include_juce_graphics.mm"; sourceTree = "SOURCE_ROOT"; };
		F9CE27C225105BB5CD24CBB4 = {isa = PBXFileReference; lastKnownFileType = sourcecode.cpp.cpp; name = MainWindow.cpp; path = ../Source/GraphManager/MainWindow.cpp; sourceTree = "SOURCE_ROOT"; };
		FA43747D72FCCCC3273B67B4 = {isa = PBXFileReference; lastKnownFileType = sourcecode.c.h; name = UserSettings.h; path = ../Source/UserSettings.h; sourceTree = "SOURCE_ROOT"; };
		FAEBA04AAAEC0F6E812ABEAD = {isa = PBXFileReference; lastKnownFileType = sourcecode.cpp.objcpp; name = "include_juce_audio_devices.mm"; path = "../JuceLibraryCode/include_juce_audio_devices.mm"; sourceTree = "SOURCE_ROOT"; };
		FD77A440D108C69FA30D62AF = {isa = PBXFileReference; lastKnownFileType = sourcecode.c.h; name = Core.hh; path = ../Source/Core.hh; sourceTree = "SOURCE_ROOT"; };
		FD9BD38A2B54D0D1A8A8BA43 = {isa = PBXFileReference; lastKnownFileType = sourcecode.cpp.cpp; name = Configuration.cpp; path = ../Source/Configuration.cpp; sourceTree = "SOURCE_ROOT"; };
		FF0DC90D5BE6179F65E756C2 = {isa = PBXFileReference; lastKnownFileType = sourcecode.c.h; name = ARestClient.hh; path = ../Source/RestClient/ARestClient.hh; sourceTree = "SOURCE_ROOT"; };
		FFDB764B39F3E5BA6A4DC034 = {isa = PBXFileReference; lastKnownFileType = sourcecode.cpp.cpp; name = Playlist.cpp; path = ../Source/Playlist.cpp; sourceTree = "SOURCE_ROOT"; };
		4A25C8AC9EB494F869D61A9F = {isa = PBXGroup; children = (
					CFB7289F564DCCFC2D3E94A2,
					B489B5ACED65548A8C35E04C,
					1201FC3C159740FB2B34B4AF,
					186AA992DAECDB6436F29669,
					07E4482AE9799B44AA8D2117,
					0932C16468828EA8ECBF9272,
					49E40B3C2AF24E2F27AB27B1,
					9FEA6DB6A9774210FC6CFADF,
					5F9B425F0662334CBD09DD15,
					2CECF95EA97479D9F308CB6E,
					ADC3D2483FC919FDF759ECAB,
					EC23439C96AC1C8DB6AA147F,
					2B0963E0143E54683D7DC232,
					8F540EE02A5C12ABED5B08A1,
					61FA24C7BFEFA1E2AC3DA08C,
					A9B45404EBF4D0FAC427A192, ); name = GraphicPanels; sourceTree = "<group>"; };
		BFAF57D666403DB1D2666197 = {isa = PBXGroup; children = (
					12A3BE6AAE6BE87F18BEA2FF,
					96700574ECB4B65AA537237E,
					B5A83A856F4B14A406A05095, ); name = Utils; sourceTree = "<group>"; };
		80EC38C5A81935EED0E2D67F = {isa = PBXGroup; children = (
					C66885EE35A405DF19A1B307,
					83FDD2639B1FFA7E69CA9323,
					B7CFFCFF307F664D12EBE314,
					CBFF0DCB4DEFB90D6C1BE0ED,
					56A2745C11346001EE3F8737,
					347D72B9C4B773D12E0B5956,
					2CD0547F4F4045BF7E59ACB6,
					DD26456C5DA18A532905FD9F,
					E79EAA2BBA7CD74D3CD0A17C, ); name = ViewManager; sourceTree = "<group>"; };
		70EB00B2A6E68268EB8111F1 = {isa = PBXGroup; children = (
					A28A986B2D18B564A25F1F53,
					4494DFB78FE1E52022E539BD, ); name = Factories; sourceTree = "<group>"; };
		0E3AD31E866E2D0FA39816DB = {isa = PBXGroup; children = (
					C960A1C77D7F946EB0F2F32A,
					D6A6B9D0A2199EBA92C4B153,
					617F75B952C89C814045CF59,
					0C9883696E72E4E224B50C97,
					49FE52E9A4E4C3036BC63D78,
					2C5FB940043CAA4E1CE3787D,
					1E8F19B7010386E6DD581B6D,
					12DCA21D8D15022BD498E593,
					E3E0C5D95B6CB8B8B2ADAEDE,
					663B5A000A045062F45E0524,
					306FB715FE0F35A4F19E6BA4,
					F4A861D7BE05598A445973C5,
					25DE2BAEA453E122992B4EEA,
					CBE998D59D7C8DB61FD8667C,
					E5261F9303E6001F57DDBCB2,
					5E83A2EAC826FB9D99E627BA,
					CB33A4F87AF0BABE78B61BCA,
					38D26578163027F96ED634EB,
					AD976662FCE69149775C6524,
					112519F920DEEB5128F56855,
					86714B581F6EBAA26145F4E9, ); name = AI; sourceTree = "<group>"; };
		7C7609A2DFACA653BC936C01 = {isa = PBXGroup; children = (
					2AAB121CD9F210F81DAE5992,
					79B68727B68B10BB25B2BC1E, ); name = Ressources; sourceTree = "<group>"; };
		0104762CBB5CB471CE90201A = {isa = PBXGroup; children = (
					E2F3E430C034A76D5995F6DC,
					C88844019D05AD92C166810B, ); name = json; sourceTree = "<group>"; };
		9F8554725CF5D22958D0BBD9 = {isa = PBXGroup; children = (
					0104762CBB5CB471CE90201A,
					5A1904E605A7FF8522F20F7B, ); name = JsoncppLibrary; sourceTree = "<group>"; };
		C11EDF4C23034B698F31304A = {isa = PBXGroup; children = (
					5394AFFA7E5D64A2CDB718D1,
					280646F3E78D4275521A1474,
					7B6B2B87F48DDD6044CF22AE,
					0BD530075DFD2EEB60088319,
					9AA829109C269C6E0B4359B3, ); name = DatabaseManager; sourceTree = "<group>"; };
		3CA88625C094CC937C6A35ED = {isa = PBXGroup; children = (
					443A78C6C4EBD465284CDEA6,
					7779CFE25D4B977C7E1634E3,
					73B2EB2C54358C8A4F306927,
					8BC6453EF1DA1B36F2440108,
					E327D7E11EDBF8199E9BFFEF, ); name = EncryptionManager; sourceTree = "<group>"; };
		B348593D00B69AE8A9EE3EAF = {isa = PBXGroup; children = (
					BF23A1A6E17A297E81CBC28E,
					299F20C618DE98F5910C96BE,
					A16BF089B878DCD3D2B080D1,
					7C73B134BC16B9B03BE05B50,
					BAC2839A58B20CC041354114,
					B7D93852065D4309B2059EB7,
					12A17B1F4DDCC99AC595108F,
					3EC92B10AB73549BEC1C0AA1,
					A4510CCDD1017609690D5E43,
					1E6F22B5339AC9C1E93A1B4A,
					803102C29C917F635EEE2ADD,
					6656EF345CD2EAA501E7D24D,
					66F106BAF2510CDFC4FAE3A3,
					B9AC81F8D74F1DC31C34E5CF,
					07FE74F71BDDDC444D4E5805,
					DA6B1E6E01654DC6D016ED7E,
					EDCD1870E421E305C967946D,
					902CE0405C3723F16FA0D660,
					164EDD664D0C7B31AF874943,
					6F00FBD6E5675ED27DB33D5F,
					DDBF2F225B86BCADD38ED20A,
					F9CE27C225105BB5CD24CBB4,
					11C55F30F0296F4DD85DD036,
					0F2CB3C8CBD8203A2F7A9555,
					A666E3BC043D89D2DF91CE84,
					7788B5592E66EBFA439E84D0,
					AD2028D07F50B93463CF3C09,
					90568CB8ED05EA68CCC843C9,
					CAC5072C269A0EA722187B36, ); name = GraphManager; sourceTree = "<group>"; };
		F8B637C8C48EC3DF6277127F = {isa = PBXGroup; children = (
					DC94FF68FE89397FA007E25A,
					39EEEEFB12D397701125E9CE,
					429ED753164457BFD5DE6E95,
					6906E859EC9152A0EAD0B3E0,
					4A34675E59A7C113FDEBFE5D,
					9B5B35D676680BA37A004753,
					136778F2191E607B5C2DEA64,
					F334DC8636A61B99316CBC22, ); name = MidiManager; sourceTree = "<group>"; };
		B14F4AF7D1E4EFD740B0B6AB = {isa = PBXGroup; children = (
					570CAB753D62CD8C49BA43B6,
					FF0DC90D5BE6179F65E756C2,
					5A6B3060E04D14BF4B5AE4DA,
					AD8523ED84355D2D46B3D71F,
					EEE1B2686E786F4FB3FB8DE7,
					01FBD1CB6CC3272D33C844A1,
					DA6A44AC1F4110F032EA9456, ); name = RestClient; sourceTree = "<group>"; };
		C6A9CCCF98EEA2D820A003AF = {isa = PBXGroup; children = (
					0C200F390DE28FAB9A154BBE,
					91E2A281DDCFFD5A418C23D9,
					89AA9B4C887ADBA26CD05467,
					65C41F3FFE95782FAFD2672C,
					723788CCC2D96A5E318F94C4,
					D48C144FA64F3C594CFD7E42,
					AC29B7D03AAC65CD92AA1CD6,
					ABA1E7CDE69008542A1DBADA,
					CA5987DF8DBF4AA7ED49C7C0, ); name = SoundManager; sourceTree = "<group>"; };
		3343A02E8017FE8DC338AAF3 = {isa = PBXGroup; children = (
					4A25C8AC9EB494F869D61A9F,
					BFAF57D666403DB1D2666197,
					5A1D53FED427F7AB51C319AF,
					23B7886A103CA806581FEF5E,
					80EC38C5A81935EED0E2D67F,
					70EB00B2A6E68268EB8111F1,
					19E61BA5AE7962DF5C583C45,
					E397EEB7F65147251CD7C588,
					3EDF5AB5988E45858DE0A08E,
					D2B551D4E4FECAB499F7D2C0,
					9881AC69F0D01D09269E7949,
					F4D51EA3B2FE94D24BEA8EF5,
					0E3AD31E866E2D0FA39816DB,
					E89457A6F805476F9FB02B60,
					39FB10B6A4C853F8CB672A5D,
					7C7609A2DFACA653BC936C01,
					9F8554725CF5D22958D0BBD9,
					C11EDF4C23034B698F31304A,
					3CA88625C094CC937C6A35ED,
					B348593D00B69AE8A9EE3EAF,
					F8B637C8C48EC3DF6277127F,
					B14F4AF7D1E4EFD740B0B6AB,
					C6A9CCCF98EEA2D820A003AF,
					BD2F71DA4F43933066FCD052,
					A7E738BE3D9C941B7FF19B90,
					0FFBE436BD356CD9D9DC72C5,
					1113368D447E6FBE5B08C4E2,
					FD9BD38A2B54D0D1A8A8BA43,
					98F6B13504E1889BA74182A4,
					42629489571C5E1E6D0D400E,
					FD77A440D108C69FA30D62AF,
					6B1F16656CAA74084F8E3893,
					36D5B01A04DA0980E33809F0,
					9B1996BFF142E6D223BB32F9,
					1A6831012F65AE41273E0900,
					67FE614F68DB129A80070E23,
					93B5BA2F6619F977392CE0EB,
					E467A236FA1E1A31F958FB45,
					25CC57FE305975BFAC989BC5,
					76D1E6009D8E9B07A89D4ACD,
					0A1014ADB27EC60033FB6E32,
					4E648992CC5A86BD86828234,
					22EE2A473F8769F09551F55B,
					FFDB764B39F3E5BA6A4DC034,
					317C6248BDA9DD67054E26DE,
					6A853BB14D9118BE69A41414,
					AE6586AA282A34141B1056C6,
					3ED6B1A173C6A6AE78B6CC73,
					BB94EA54FA385429DAD02AD7,
					6ABC9BB8DC942DB3BC0AC6F6,
					FA43747D72FCCCC3273B67B4, ); name = Source; sourceTree = "<group>"; };
		FD0E83BFCADC134A0F16C824 = {isa = PBXGroup; children = (
					6090158729255A8CD17C4420, ); name = Themes; sourceTree = "<group>"; };
		4FFC944992568D9B1BFAD76C = {isa = PBXGroup; children = (
					3343A02E8017FE8DC338AAF3,
					FD0E83BFCADC134A0F16C824,
					6A0CC25D3238A26FB0F3A948,
					21250A858E269715B6B10676,
					358A9BF25A69CEFFA265507D,
					80263D653472179EABD2A1C7, ); name = BardeClient; sourceTree = "<group>"; };
		FCCFE6BB99730C96152837F1 = {isa = PBXGroup; children = (
					3F740A6B65563434ABC9D191,
					4366B38C3F7BCA64D92DFDF1,
					443C7886BECB7DD3545BE6EE,
					42AE6AA8069F52DBCA04F836,
					1FAEC6C6E6732FD1E5270A0D,
					58BBFCA0C8C7BFC25C479C2E,
					3FE882C6216A0C5E9B66E75A,
					7DF6C349D7789C94E364A333,
					CE2C6CD62AA2E0E1441CEE62,
					70DCB906AF9A967A080ADA5C,
					4A7EBE30793972F12564BC02,
					6261A205E11F76C9F18B1BE0,
					ABAF18C87066B4877466E3AE,
					79B79DDCF896D5D0B0FC94EC, ); name = "JUCE Modules"; sourceTree = "<group>"; };
		F1CF3E78B3426A406E952B6D = {isa = PBXGroup; children = (
					B48576F907A6A34E0E1649AC,
					DE51185F9B39CBA3092ED5C8,
					465D8D42DED0E6269830EDEC,
					C0F018E8E683AA367764472C,
					FAEBA04AAAEC0F6E812ABEAD,
					B003CC329CA8D261817BA34F,
					E37BD95AE26C8220226A3235,
					2D23EEA79A0706B6508D1258,
					04818D938585754DF98C3FA5,
					56D7F8AAB182FA355289AF68,
					8D0FC2BF43685C277D9AAEB3,
					9C3FDA54BC9BBC3A6A6DE749,
					F931F0C882C77C4C24C7B902,
					63E7F2E6EB76C2F37B3B6D25,
					1EA521E73BF944102BAD2823,
					011DD6BA39A37A29A0886993,
					50A8352D63F6139F5CF2ABA3,
					2891F93FE5106F8FDC034261, ); name = "JUCE Library Code"; sourceTree = "<group>"; };
		89C909C51D4FA89CF958632E = {isa = PBXGroup; children = (
					65FFC0CE3C96AB4D76E627CD,
					D27DCF836EB785D22056CEAD, ); name = Resources; sourceTree = "<group>"; };
		77028AEF845DFB2E6E976CE0 = {isa = PBXGroup; children = (
					798975642111ED9041E3B417,
					0E7F55CB56623ED24FEF7F9A,
					11FFAD712831B6FBC03A7F83,
					E824053A30430362E1DD1FC9,
					9AA42095A0C0B5A871496F21,
					DF23927347DC25EF65823A74,
					50FCAA69C1252E2D1B7F1A5B,
					805239F1559CB3B537A656B4,
					F669469044C087D77A83607D,
					7511F0CB6B6334C12BCEE1D6,
					93F0D60A5B9F2ADED0756129,
					8BFF7E7C3570E8CA74ECCE39,
					7F4F4EB53C4D39BAC839EB31, ); name = Frameworks; sourceTree = "<group>"; };
		56A32F3FF3513C5A3FA56E9C = {isa = PBXGroup; children = (
					84601D50D9D57E3396CF903A, ); name = Products; sourceTree = "<group>"; };
		CE1D8A012BBAE223F34EA4A7 = {isa = PBXGroup; children = (
					4FFC944992568D9B1BFAD76C,
					FCCFE6BB99730C96152837F1,
					F1CF3E78B3426A406E952B6D,
					89C909C51D4FA89CF958632E,
					77028AEF845DFB2E6E976CE0,
					56A32F3FF3513C5A3FA56E9C, ); name = Source; sourceTree = "<group>"; };
		C7BCCAA8496E68923D818678 = {isa = XCBuildConfiguration; buildSettings = {
				CLANG_CXX_LANGUAGE_STANDARD = "c++11";
				CLANG_CXX_LIBRARY = "libc++";
				CLANG_LINK_OBJC_RUNTIME = NO;
				COMBINE_HIDPI_IMAGES = YES;
				CONFIGURATION_BUILD_DIR = "$(PROJECT_DIR)/build/$(CONFIGURATION)";
				COPY_PHASE_STRIP = NO;
				GCC_DYNAMIC_NO_PIC = NO;
				GCC_OPTIMIZATION_LEVEL = 0;
				GCC_PREPROCESSOR_DEFINITIONS = (
					"_DEBUG=1",
					"DEBUG=1",
					"SOURCEMARKOV=\\\\"$(SRCROOT)/../Source/markovSource/\\\\"",
					"JUCER_XCODE_MAC_46AA753=1",
					"JUCE_APP_VERSION=1.0.0",
					"JUCE_APP_VERSION_HEX=0x10000",
					"JucePlugin_Build_VST=0",
					"JucePlugin_Build_VST3=0",
					"JucePlugin_Build_AU=0",
					"JucePlugin_Build_AUv3=0",
					"JucePlugin_Build_RTAS=0",
					"JucePlugin_Build_AAX=0",
					"JucePlugin_Build_Standalone=0", );
				GCC_VERSION = com.apple.compilers.llvm.clang.1_0;
				HEADER_SEARCH_PATHS = ("../JuceLibraryCode", "../JuceLibraryCode/modules", "$(inherited)");
				INFOPLIST_FILE = Info-App.plist;
				INFOPLIST_PREPROCESS = NO;
				INSTALL_PATH = "$(HOME)/Applications";
				MACOSX_DEPLOYMENT_TARGET = 10.11;
				MACOSX_DEPLOYMENT_TARGET_ppc = 10.4;
				PRODUCT_BUNDLE_IDENTIFIER = com.yourcompany.BardeClient;
				SDKROOT_ppc = macosx10.5;
				USE_HEADERMAP = NO; }; name = Debug; };
		446E79EB4A7154F1A8AF5BB1 = {isa = XCBuildConfiguration; buildSettings = {
				CLANG_CXX_LANGUAGE_STANDARD = "c++11";
				CLANG_CXX_LIBRARY = "libc++";
				CLANG_LINK_OBJC_RUNTIME = NO;
				COMBINE_HIDPI_IMAGES = YES;
				CONFIGURATION_BUILD_DIR = "$(PROJECT_DIR)/build/$(CONFIGURATION)";
				DEAD_CODE_STRIPPING = YES;
				GCC_GENERATE_DEBUGGING_SYMBOLS = NO;
				GCC_OPTIMIZATION_LEVEL = 3;
				GCC_PREPROCESSOR_DEFINITIONS = (
					"_NDEBUG=1",
					"NDEBUG=1",
					"SOURCEMARKOV=\\\\"$(SRCROOT)/../Source/markovSource/\\\\"",
					"JUCER_XCODE_MAC_46AA753=1",
					"JUCE_APP_VERSION=1.0.0",
					"JUCE_APP_VERSION_HEX=0x10000",
					"JucePlugin_Build_VST=0",
					"JucePlugin_Build_VST3=0",
					"JucePlugin_Build_AU=0",
					"JucePlugin_Build_AUv3=0",
					"JucePlugin_Build_RTAS=0",
					"JucePlugin_Build_AAX=0",
					"JucePlugin_Build_Standalone=0", );
				GCC_SYMBOLS_PRIVATE_EXTERN = YES;
				GCC_VERSION = com.apple.compilers.llvm.clang.1_0;
				HEADER_SEARCH_PATHS = ("../JuceLibraryCode", "../JuceLibraryCode/modules", "$(inherited)");
				INFOPLIST_FILE = Info-App.plist;
				INFOPLIST_PREPROCESS = NO;
				INSTALL_PATH = "$(HOME)/Applications";
				LLVM_LTO = YES;
				MACOSX_DEPLOYMENT_TARGET = 10.11;
				MACOSX_DEPLOYMENT_TARGET_ppc = 10.4;
				PRODUCT_BUNDLE_IDENTIFIER = com.yourcompany.BardeClient;
				SDKROOT_ppc = macosx10.5;
				USE_HEADERMAP = NO; }; name = Release; };
		BA145EFDFC4632A4E78A52D9 = {isa = XCBuildConfiguration; buildSettings = {
				ALWAYS_SEARCH_USER_PATHS = NO;
				CLANG_WARN_BLOCK_CAPTURE_AUTORELEASING = YES;
				CLANG_WARN_BOOL_CONVERSION = YES;
				CLANG_WARN_COMMA = YES;
				CLANG_WARN_CONSTANT_CONVERSION = YES;
				CLANG_WARN_EMPTY_BODY = YES;
				CLANG_WARN_ENUM_CONVERSION = YES;
				CLANG_WARN_INFINITE_RECURSION = YES;
				CLANG_WARN_INT_CONVERSION = YES;
				CLANG_WARN_NON_LITERAL_NULL_CONVERSION = YES;
				CLANG_WARN_OBJC_LITERAL_CONVERSION = YES;
				CLANG_WARN_RANGE_LOOP_ANALYSIS = YES;
				CLANG_WARN_STRICT_PROTOTYPES = YES;
				CLANG_WARN_SUSPICIOUS_MOVE = YES;
				CLANG_WARN_UNREACHABLE_CODE = YES;
				CLANG_WARN__DUPLICATE_METHOD_MATCH = YES;
				DEBUG_INFORMATION_FORMAT = "dwarf";
				ENABLE_STRICT_OBJC_MSGSEND = YES;
				ENABLE_TESTABILITY = YES;
				GCC_C_LANGUAGE_STANDARD = c11;
				GCC_INLINES_ARE_PRIVATE_EXTERN = YES;
				GCC_MODEL_TUNING = G5;
				GCC_NO_COMMON_BLOCKS = YES;
				GCC_WARN_64_TO_32_BIT_CONVERSION = YES;
				GCC_WARN_ABOUT_RETURN_TYPE = YES;
				GCC_WARN_CHECK_SWITCH_STATEMENTS = YES;
				GCC_WARN_MISSING_PARENTHESES = YES;
				GCC_WARN_NON_VIRTUAL_DESTRUCTOR = YES;
				GCC_WARN_TYPECHECK_CALLS_TO_PRINTF = YES;
				GCC_WARN_UNDECLARED_SELECTOR = YES;
				GCC_WARN_UNINITIALIZED_AUTOS = YES;
				GCC_WARN_UNUSED_FUNCTION = YES;
				GCC_WARN_UNUSED_VARIABLE = YES;
				ONLY_ACTIVE_ARCH = YES;
				PRODUCT_NAME = "BardeClient";
				WARNING_CFLAGS = -Wreorder;
				ZERO_LINK = NO; }; name = Debug; };
		C0A6563FF110C6B8DC124559 = {isa = XCBuildConfiguration; buildSettings = {
				ALWAYS_SEARCH_USER_PATHS = NO;
				CLANG_WARN_BLOCK_CAPTURE_AUTORELEASING = YES;
				CLANG_WARN_BOOL_CONVERSION = YES;
				CLANG_WARN_COMMA = YES;
				CLANG_WARN_CONSTANT_CONVERSION = YES;
				CLANG_WARN_EMPTY_BODY = YES;
				CLANG_WARN_ENUM_CONVERSION = YES;
				CLANG_WARN_INFINITE_RECURSION = YES;
				CLANG_WARN_INT_CONVERSION = YES;
				CLANG_WARN_NON_LITERAL_NULL_CONVERSION = YES;
				CLANG_WARN_OBJC_LITERAL_CONVERSION = YES;
				CLANG_WARN_RANGE_LOOP_ANALYSIS = YES;
				CLANG_WARN_STRICT_PROTOTYPES = YES;
				CLANG_WARN_SUSPICIOUS_MOVE = YES;
				CLANG_WARN_UNREACHABLE_CODE = YES;
				CLANG_WARN__DUPLICATE_METHOD_MATCH = YES;
				DEBUG_INFORMATION_FORMAT = "dwarf";
				ENABLE_STRICT_OBJC_MSGSEND = YES;
				GCC_C_LANGUAGE_STANDARD = c11;
				GCC_INLINES_ARE_PRIVATE_EXTERN = YES;
				GCC_MODEL_TUNING = G5;
				GCC_NO_COMMON_BLOCKS = YES;
				GCC_WARN_64_TO_32_BIT_CONVERSION = YES;
				GCC_WARN_ABOUT_RETURN_TYPE = YES;
				GCC_WARN_CHECK_SWITCH_STATEMENTS = YES;
				GCC_WARN_MISSING_PARENTHESES = YES;
				GCC_WARN_NON_VIRTUAL_DESTRUCTOR = YES;
				GCC_WARN_TYPECHECK_CALLS_TO_PRINTF = YES;
				GCC_WARN_UNDECLARED_SELECTOR = YES;
				GCC_WARN_UNINITIALIZED_AUTOS = YES;
				GCC_WARN_UNUSED_FUNCTION = YES;
				GCC_WARN_UNUSED_VARIABLE = YES;
				PRODUCT_NAME = "BardeClient";
				WARNING_CFLAGS = -Wreorder;
				ZERO_LINK = NO; }; name = Release; };
		2303144A677CFDC9153AA15A = {isa = PBXTargetDependency; target = F177B87EDBDC0F77F9040BE4; };
		33BE1F801341D6D1B26FA148 = {isa = XCConfigurationList; buildConfigurations = (
					BA145EFDFC4632A4E78A52D9,
					C0A6563FF110C6B8DC124559, ); defaultConfigurationIsVisible = 0; defaultConfigurationName = Debug; };
		625830A004FEA08887302F0A = {isa = XCConfigurationList; buildConfigurations = (
					C7BCCAA8496E68923D818678,
					446E79EB4A7154F1A8AF5BB1, ); defaultConfigurationIsVisible = 0; defaultConfigurationName = Debug; };
		D940B3B9B80C6E661C37FC97 = {isa = PBXResourcesBuildPhase; buildActionMask = 2147483647; files = (
					6BFEB93A4A3B30488608F393, ); runOnlyForDeploymentPostprocessing = 0; };
		F5405195CCCDE90809AF33DD = {isa = PBXSourcesBuildPhase; buildActionMask = 2147483647; files = (
					A4978AB01B33F24C2B96354E,
					FBFAFAE18B2BDFE95C046309,
					F783ABED6FF046C4353B0809,
					F68D59947E360C09821BD61C,
					44D4C913836C54AB921DA8E7,
					726BE3F33B15B79B419AE0D7,
					9A80318A15B5F3EB3415F41E,
					8F71C0D3337E1ED83A33D58C,
					850AA7C402A1E65D58D6A5AA,
					D4BAD149854486D8642094E1,
					4813F85DD3E71424CE8AEFF1,
					21D6D9341F36FE9BFB7EFDB5,
					F6A2DD8D88F64F8C645B5304,
					3F0B023210B94DFB43AF68EA,
					712AB4540E20C0B7E33E1C69,
					E7DFCE0F4796C627629E3B7D,
					2002552B8831EF508E3F061F,
					04EDB2D16582F694897CCF52,
					0123DC8AA85F06881431E35A,
					32CB24D499AEED7E66F148B0,
					B8484AE6F4A70374198F7C6E,
					3389C84C9E8A8FF500F4796F,
					D63284AD7EFA400EE3E3EF9E,
					FE2C9B3E7C4BD4F51A81C805,
					2524155C11C217F3A99AC9B5,
					7EE9AC8C2DB823EB70BF8E26,
					942FAEBB6F9FDB1857ED8C76,
					156C9DC87430D637BE140D6B,
					3DB5D6E6507F45F0D7BBCA45,
					36D5063B463D65B17EEB21DE,
					03336A13BAF7051C60FEB4BF,
					BE8F32C7C8C073477D4B9DCC,
					CFEF9065BAC16A4D520F8E6F,
					DDB133C2F216552657A57859,
					1257BDAA2440FE1D80C6DD26,
					5923ED76C36176AE0FB11A43,
					CC28BC066567CAABFCDD7012,
					B197FCEF50185F2F6B16FE7C,
					BC6043B34C0FD6528C87B0FE,
					2866F337D873F5F9C15C54C9,
					478DEA34B0C331EA4F8A445C,
					DF7C2FB9E0D6F15BA3B96917,
					71604C2A2A50A305826EAE53,
					A9E0E74023F69AD34E7BC6F1,
					79A9A4B360FF1E865A8F03DF,
					2AFD4AB90D751B424D3A070C,
					C1F7BF667EA7F29F633FAFD5,
					7A0F52075239D060739E83CE,
					E9758DD1F7A45EB5F42CC758,
					0F794E2C35FF07EE614EBC92,
					6C48AAC07775E9D5CE906417,
					DFFFE1738BA8C7090614F0A2,
					91CF2A4EC856BDEFE418CD82,
					4EFB4E3371482DA80DBCCFA3,
					37690EE670F38470758DB27A,
					65B99EC941193A459D81F661,
					3683EE406AD4F7C87305F316,
					7C3057AAE3D02D6C7B0DD1B1,
					71AE952031B27FCB68EAF6B0,
					0455DDF58D2391A90942F5AA,
					0CF2400CDF06C73EC40F5A94,
					E99F688D69D5B24BCE6B14FD,
					54995AF8AFEA858E4AE54853,
					7A41C0D6596365131F004FB4,
					DA95F236BAD0741FA201A957,
					77C0568D35FE5BAA0FB3B1D0,
					59F0ADD0C826CB7B5C0F4B6B,
					05F8B774353866BF93F7458B,
					B2DB387387F2B53BF2832D86,
					B86F457CC1D76F0662D2246F,
					894DF16485ED5783CE04EE0D,
					945D47B5171051D1B031AB8D,
					8A984B3B87B471D2911D0AE7,
					10114665BD7BE90F4677E47E,
					F97812A7FA8E97FB0218BC23,
					14512ADAD818BD4A17DDBB49,
					AC694BB64F8B02AF6763DD2C,
					97FE5836F0B3930336FE58FD,
					D45C2191250DD802D2C92E7D,
					61AD7E06FDBD669CC7DE754C,
					D31CB140BA7BD6290F40344A,
					D8D2D94E80101439FC321699,
					3D47B90F18A176BB7181DF3D,
					C2373F30C8008F34A183DBDF,
					4976996C8DE0882F3ED447C5,
					2205EC4C3B86194F2C0733CF,
					697A32C94943BDAF4E305DD6,
					84D85F3B0DF6BA55BD99B1FE,
					363B7567E9CC4C0AAB8AC875, ); runOnlyForDeploymentPostprocessing = 0; };
		B413193B355D84FE45F1535C = {isa = PBXFrameworksBuildPhase; buildActionMask = 2147483647; files = (
					92AD3120361490BAEE764CF4,
					17F3024A447573271BA60ADE,
					F8100DAEEE55422152B4FC55,
					8EEEAEB347115B7D19C90311,
					218C7AF7416B10F5C19A894C,
					8207780AA5CC460922DF60D3,
					544DF20419962436419A03A3,
					DF01FFC172A720AAC4254458,
					DD47E4441334214D34178274,
					FCD7ECEB83890FABA45D9E6A,
					08E75C106AA40FBA0D380A4D,
					429FD31836749D20D55B5AD7,
					6067A703A5CC349ABCB2A419, ); runOnlyForDeploymentPostprocessing = 0; };
		F177B87EDBDC0F77F9040BE4 = {isa = PBXNativeTarget; buildConfigurationList = 625830A004FEA08887302F0A; buildPhases = (
					D940B3B9B80C6E661C37FC97,
					F5405195CCCDE90809AF33DD,
					B413193B355D84FE45F1535C, ); buildRules = ( ); dependencies = (  ); name = "BardeClient - App"; productName = BardeClient; productReference = 84601D50D9D57E3396CF903A; productType = "com.apple.product-type.application"; };
		7B9AA1E0B7523E7FA809EC22 = {isa = PBXProject; buildConfigurationList = 33BE1F801341D6D1B26FA148; attributes = { LastUpgradeCheck = 0930; ORGANIZATIONNAME = "Barde"; TargetAttributes = { F177B87EDBDC0F77F9040BE4 = { SystemCapabilities = {com.apple.ApplicationGroups.iOS = { enabled = 0; }; com.apple.InAppPurchase = { enabled = 0; }; com.apple.InterAppAudio = { enabled = 0; }; com.apple.Push = { enabled = 0; }; com.apple.Sandbox = { enabled = 0; }; }; }; }; }; compatibilityVersion = "Xcode 3.2"; hasScannedForEncodings = 0; mainGroup = CE1D8A012BBAE223F34EA4A7; projectDirPath = ""; projectRoot = ""; targets = (F177B87EDBDC0F77F9040BE4); };
	};
	rootObject = 7B9AA1E0B7523E7FA809EC22;
}
